
Microsoft Visual Studio Solution File, Format Version 12.00
# Visual Studio 15
VisualStudioVersion = 15.0.27130.2027
MinimumVisualStudioVersion = 10.0.40219.1
Project("{FAE04EC0-301F-11D3-BF4B-00C04F79EFBC}") = "TF_WebApplication", "TF_WebApplication\TF_WebApplication.csproj", "{419A9860-D44C-4A2C-93AF-4314CD7EFC20}"
EndProject
Project("{FAE04EC0-301F-11D3-BF4B-00C04F79EFBC}") = "DataStructuresLibrary", "DataStructureLibrary\DataStructuresLibrary.csproj", "{1AD07E0B-3B05-46E6-9E8A-B35503B59F0E}"
EndProject
Global
	GlobalSection(SolutionConfigurationPlatforms) = preSolution
		Debug|Any CPU = Debug|Any CPU
		Release|Any CPU = Release|Any CPU
	EndGlobalSection
	GlobalSection(ProjectConfigurationPlatforms) = postSolution
		{419A9860-D44C-4A2C-93AF-4314CD7EFC20}.Debug|Any CPU.ActiveCfg = Debug|Any CPU
		{419A9860-D44C-4A2C-93AF-4314CD7EFC20}.Debug|Any CPU.Build.0 = Debug|Any CPU
		{419A9860-D44C-4A2C-93AF-4314CD7EFC20}.Release|Any CPU.ActiveCfg = Release|Any CPU
		{419A9860-D44C-4A2C-93AF-4314CD7EFC20}.Release|Any CPU.Build.0 = Release|Any CPU
		{1AD07E0B-3B05-46E6-9E8A-B35503B59F0E}.Debug|Any CPU.ActiveCfg = Debug|Any CPU
		{1AD07E0B-3B05-46E6-9E8A-B35503B59F0E}.Debug|Any CPU.Build.0 = Debug|Any CPU
		{1AD07E0B-3B05-46E6-9E8A-B35503B59F0E}.Release|Any CPU.ActiveCfg = Release|Any CPU
		{1AD07E0B-3B05-46E6-9E8A-B35503B59F0E}.Release|Any CPU.Build.0 = Release|Any CPU
	EndGlobalSection
	GlobalSection(SolutionProperties) = preSolution
		HideSolutionNode = FALSE
	EndGlobalSection
	GlobalSection(ExtensibilityGlobals) = postSolution
		SolutionGuid = {3C43285E-D000-4949-A8DD-9C94732E1E25}
	EndGlobalSection
	GlobalSection(TeamFoundationVersionControl) = preSolution
		SccNumberOfProjects = 3
		SccEnterpriseProvider = {4CA58AB2-18FA-4F8D-95D4-32DDF27D184C}
		SccTeamFoundationServer = https://consolecsharp.visualstudio.com/
		SccLocalPath0 = .
		SccProjectUniqueName1 = TF_WebApplication\\TF_WebApplication.csproj
		SccProjectName1 = TF_WebApplication
		SccLocalPath1 = TF_WebApplication
		SccProjectUniqueName2 = DataStructureLibrary\\DataStructuresLibrary.csproj
		SccProjectName2 = DataStructureLibrary
		SccLocalPath2 = DataStructureLibrary
	EndGlobalSection
EndGlobal
